{
  "name": "site_roxin",
  "lockfileVersion": 3,
  "requires": true,
  "packages": {
    "": {
      "dependencies": {
        "lucide": "^0.482.0",
        "tailwindcss": "^4.0.15"
      }
    },
    "node_modules/lucide": {
      "version": "0.482.0",
      "resolved": "https://registry.npmjs.org/lucide/-/lucide-0.482.0.tgz",
      "integrity": "sha512-drJOzPud1QGiCgnkhUBuSKvShaD6LJovgKtHDJfvqKrzA0osfU284rymlXxjVWlp5A+S8JiCcIfgENvXlKsO7Q==",
      "license": "ISC"
    },
    "node_modules/tailwindcss": {
      "version": "4.0.15",
      "resolved": "https://registry.npmjs.org/tailwindcss/-/tailwindcss-4.0.15.tgz",
      "integrity": "sha512-6ZMg+hHdMJpjpeCCFasX7K+U615U9D+7k5/cDK/iRwl6GptF24+I/AbKgOnXhVKePzrEyIXutLv36n4cRsq3Sg==",
      "license": "MIT"
    }
  }
}
